
Microsoft Visual Studio Solution File, Format Version 12.00
# Visual Studio Version 17
VisualStudioVersion = 17.7.34031.279
MinimumVisualStudioVersion = 10.0.40219.1
Project("{9A19103F-16F7-4668-BE54-9A1E7A4F7556}") = "BulkyWeb", "BulkyWeb\BulkyWeb.csproj", "{157D1537-28B2-4F48-B80F-B6AAE07F8889}"
EndProject
Project("{FAE04EC0-301F-11D3-BF4B-00C04F79EFBC}") = "Bulky.DataAccess", "Bulky.DataAccess\Bulky.DataAccess.csproj", "{EEDFC8F3-89C9-4871-A8CD-43D4C74B459B}"
EndProject
Project("{FAE04EC0-301F-11D3-BF4B-00C04F79EFBC}") = "Bulky.Models", "Bulky.Models\Bulky.Models.csproj", "{81C9DAAD-C753-4175-9D1C-E0B608C7A7F9}"
EndProject
Project("{FAE04EC0-301F-11D3-BF4B-00C04F79EFBC}") = "Bulky.Utility", "Bulky.Utility\Bulky.Utility.csproj", "{E2832D94-AD0F-4B10-A44F-D47CE146DE1A}"
EndProject
Global
	GlobalSection(SolutionConfigurationPlatforms) = preSolution
		Debug|Any CPU = Debug|Any CPU
		Release|Any CPU = Release|Any CPU
	EndGlobalSection
	GlobalSection(ProjectConfigurationPlatforms) = postSolution
		{157D1537-28B2-4F48-B80F-B6AAE07F8889}.Debug|Any CPU.ActiveCfg = Debug|Any CPU
		{157D1537-28B2-4F48-B80F-B6AAE07F8889}.Debug|Any CPU.Build.0 = Debug|Any CPU
		{157D1537-28B2-4F48-B80F-B6AAE07F8889}.Release|Any CPU.ActiveCfg = Release|Any CPU
		{157D1537-28B2-4F48-B80F-B6AAE07F8889}.Release|Any CPU.Build.0 = Release|Any CPU
		{EEDFC8F3-89C9-4871-A8CD-43D4C74B459B}.Debug|Any CPU.ActiveCfg = Debug|Any CPU
		{EEDFC8F3-89C9-4871-A8CD-43D4C74B459B}.Debug|Any CPU.Build.0 = Debug|Any CPU
		{EEDFC8F3-89C9-4871-A8CD-43D4C74B459B}.Release|Any CPU.ActiveCfg = Release|Any CPU
		{EEDFC8F3-89C9-4871-A8CD-43D4C74B459B}.Release|Any CPU.Build.0 = Release|Any CPU
		{81C9DAAD-C753-4175-9D1C-E0B608C7A7F9}.Debug|Any CPU.ActiveCfg = Debug|Any CPU
		{81C9DAAD-C753-4175-9D1C-E0B608C7A7F9}.Debug|Any CPU.Build.0 = Debug|Any CPU
		{81C9DAAD-C753-4175-9D1C-E0B608C7A7F9}.Release|Any CPU.ActiveCfg = Release|Any CPU
		{81C9DAAD-C753-4175-9D1C-E0B608C7A7F9}.Release|Any CPU.Build.0 = Release|Any CPU
		{E2832D94-AD0F-4B10-A44F-D47CE146DE1A}.Debug|Any CPU.ActiveCfg = Debug|Any CPU
		{E2832D94-AD0F-4B10-A44F-D47CE146DE1A}.Debug|Any CPU.Build.0 = Debug|Any CPU
		{E2832D94-AD0F-4B10-A44F-D47CE146DE1A}.Release|Any CPU.ActiveCfg = Release|Any CPU
		{E2832D94-AD0F-4B10-A44F-D47CE146DE1A}.Release|Any CPU.Build.0 = Release|Any CPU
	EndGlobalSection
	GlobalSection(SolutionProperties) = preSolution
		HideSolutionNode = FALSE
	EndGlobalSection
	GlobalSection(ExtensibilityGlobals) = postSolution
		SolutionGuid = {A3A762B0-4738-4364-82DA-34707DD60A0D}
	EndGlobalSection
EndGlobal
